
Microsoft Visual Studio Solution File, Format Version 12.00
# Visual Studio Version 17
VisualStudioVersion = 17.4.33213.308
MinimumVisualStudioVersion = 10.0.40219.1
Project("{9A19103F-16F7-4668-BE54-9A1E7A4F7556}") = "Exercise", "Exercise\Exercise.csproj", "{C483E4D4-599F-44BB-A636-72D6759BBF28}"
EndProject
Project("{FAE04EC0-301F-11D3-BF4B-00C04F79EFBC}") = "IfElse", "IfElse\IfElse.csproj", "{0C5C9A39-DAE0-4909-8411-1CFA530A0ACD}"
EndProject
Global
	GlobalSection(SolutionConfigurationPlatforms) = preSolution
		Debug|Any CPU = Debug|Any CPU
		Release|Any CPU = Release|Any CPU
	EndGlobalSection
	GlobalSection(ProjectConfigurationPlatforms) = postSolution
		{C483E4D4-599F-44BB-A636-72D6759BBF28}.Debug|Any CPU.ActiveCfg = Debug|Any CPU
		{C483E4D4-599F-44BB-A636-72D6759BBF28}.Debug|Any CPU.Build.0 = Debug|Any CPU
		{C483E4D4-599F-44BB-A636-72D6759BBF28}.Release|Any CPU.ActiveCfg = Release|Any CPU
		{C483E4D4-599F-44BB-A636-72D6759BBF28}.Release|Any CPU.Build.0 = Release|Any CPU
		{0C5C9A39-DAE0-4909-8411-1CFA530A0ACD}.Debug|Any CPU.ActiveCfg = Debug|Any CPU
		{0C5C9A39-DAE0-4909-8411-1CFA530A0ACD}.Debug|Any CPU.Build.0 = Debug|Any CPU
		{0C5C9A39-DAE0-4909-8411-1CFA530A0ACD}.Release|Any CPU.ActiveCfg = Release|Any CPU
		{0C5C9A39-DAE0-4909-8411-1CFA530A0ACD}.Release|Any CPU.Build.0 = Release|Any CPU
	EndGlobalSection
	GlobalSection(SolutionProperties) = preSolution
		HideSolutionNode = FALSE
	EndGlobalSection
	GlobalSection(ExtensibilityGlobals) = postSolution
		SolutionGuid = {992755CA-25A5-4278-9E16-CC08E5FD33E1}
	EndGlobalSection
EndGlobal
