
Microsoft Visual Studio Solution File, Format Version 12.00
# Visual Studio Version 17
VisualStudioVersion = 17.4.33213.308
MinimumVisualStudioVersion = 10.0.40219.1
Project("{9A19103F-16F7-4668-BE54-9A1E7A4F7556}") = "1_HelloWorld", "HelloWorld\1_HelloWorld.csproj", "{8A985130-F890-479C-AAD5-09E287E72EF4}"
EndProject
Project("{9A19103F-16F7-4668-BE54-9A1E7A4F7556}") = "3_Variables", "Variables\3_Variables.csproj", "{DE2732B2-67BF-41B7-9403-7C0DE25038B1}"
EndProject
Project("{9A19103F-16F7-4668-BE54-9A1E7A4F7556}") = "4_Literals", "Literals\4_Literals.csproj", "{664F947B-F5A4-466D-9B2E-D8BFFD239C9B}"
EndProject
Project("{9A19103F-16F7-4668-BE54-9A1E7A4F7556}") = "5_Operators", "Operators\5_Operators.csproj", "{DD4AA4A4-9174-4907-B85F-40C236FF11FA}"
EndProject
Project("{FAE04EC0-301F-11D3-BF4B-00C04F79EFBC}") = "2_DataTypes", "DataTypes\2_DataTypes.csproj", "{1FAEAADF-7F64-40F1-A2A8-75ADD6C70D55}"
EndProject
Global
	GlobalSection(SolutionConfigurationPlatforms) = preSolution
		Debug|Any CPU = Debug|Any CPU
		Release|Any CPU = Release|Any CPU
	EndGlobalSection
	GlobalSection(ProjectConfigurationPlatforms) = postSolution
		{8A985130-F890-479C-AAD5-09E287E72EF4}.Debug|Any CPU.ActiveCfg = Debug|Any CPU
		{8A985130-F890-479C-AAD5-09E287E72EF4}.Debug|Any CPU.Build.0 = Debug|Any CPU
		{8A985130-F890-479C-AAD5-09E287E72EF4}.Release|Any CPU.ActiveCfg = Release|Any CPU
		{8A985130-F890-479C-AAD5-09E287E72EF4}.Release|Any CPU.Build.0 = Release|Any CPU
		{DE2732B2-67BF-41B7-9403-7C0DE25038B1}.Debug|Any CPU.ActiveCfg = Debug|Any CPU
		{DE2732B2-67BF-41B7-9403-7C0DE25038B1}.Debug|Any CPU.Build.0 = Debug|Any CPU
		{DE2732B2-67BF-41B7-9403-7C0DE25038B1}.Release|Any CPU.ActiveCfg = Release|Any CPU
		{DE2732B2-67BF-41B7-9403-7C0DE25038B1}.Release|Any CPU.Build.0 = Release|Any CPU
		{664F947B-F5A4-466D-9B2E-D8BFFD239C9B}.Debug|Any CPU.ActiveCfg = Debug|Any CPU
		{664F947B-F5A4-466D-9B2E-D8BFFD239C9B}.Debug|Any CPU.Build.0 = Debug|Any CPU
		{664F947B-F5A4-466D-9B2E-D8BFFD239C9B}.Release|Any CPU.ActiveCfg = Release|Any CPU
		{664F947B-F5A4-466D-9B2E-D8BFFD239C9B}.Release|Any CPU.Build.0 = Release|Any CPU
		{DD4AA4A4-9174-4907-B85F-40C236FF11FA}.Debug|Any CPU.ActiveCfg = Debug|Any CPU
		{DD4AA4A4-9174-4907-B85F-40C236FF11FA}.Debug|Any CPU.Build.0 = Debug|Any CPU
		{DD4AA4A4-9174-4907-B85F-40C236FF11FA}.Release|Any CPU.ActiveCfg = Release|Any CPU
		{DD4AA4A4-9174-4907-B85F-40C236FF11FA}.Release|Any CPU.Build.0 = Release|Any CPU
		{1FAEAADF-7F64-40F1-A2A8-75ADD6C70D55}.Debug|Any CPU.ActiveCfg = Debug|Any CPU
		{1FAEAADF-7F64-40F1-A2A8-75ADD6C70D55}.Debug|Any CPU.Build.0 = Debug|Any CPU
		{1FAEAADF-7F64-40F1-A2A8-75ADD6C70D55}.Release|Any CPU.ActiveCfg = Release|Any CPU
		{1FAEAADF-7F64-40F1-A2A8-75ADD6C70D55}.Release|Any CPU.Build.0 = Release|Any CPU
	EndGlobalSection
	GlobalSection(SolutionProperties) = preSolution
		HideSolutionNode = FALSE
	EndGlobalSection
	GlobalSection(ExtensibilityGlobals) = postSolution
		SolutionGuid = {264BD826-EB0A-4AD4-B0CE-65BE267F0BCA}
	EndGlobalSection
EndGlobal
